# This file is autogenerated, do not edit; changes may be undone by the next 'dep ensure'.


[[projects]]
  branch = "master"
  digest = "1:ef1a00a6e19c3e6f9b90d042b229cc8a297f3b590afcca85b3885544ee942c8b"
  name = "github.com/lxn/win"
  packages = ["."]
  pruneopts = "T"
  revision = "a377121e959e22055dd01ed4bb2383e5bd02c238"

[[projects]]
  digest = "1:1c6d65386e172395e4012790be4d12ad564af656f85d6766dd9649a72eddd9e4"
  name = "github.com/sciter-sdk/go-sciter"
  packages = [
    ".",
    "window",
  ]
  pruneopts = "T"
  revision = "a04e052a28133d8a79c82b53fc861d1e473c0499"

[[projects]]
  branch = "internal-branch.go1.16-vendor"
  digest = "1:882954d1cb190588ead7462e28baf75d9e322172a0e3b268a3678df63ceae2f4"
  name = "golang.org/x/sys"
  packages = [
    "internal/unsafeheader",
    "windows",
  ]
  pruneopts = "T"
  revision = "ed752295db8857b3a7f36c3f57e38509cadff471"

[solve-meta]
  analyzer-name = "dep"
  analyzer-version = 1
  input-imports = [
    "github.com/sciter-sdk/go-sciter",
    "github.com/sciter-sdk/go-sciter/window",
  ]
  solver-name = "gps-cdcl"
  solver-version = 1
